
Microsoft Visual Studio Solution File, Format Version 12.00
# Visual Studio Version 17
VisualStudioVersion = 17.7.34221.43
MinimumVisualStudioVersion = 10.0.40219.1
Project("{FAE04EC0-301F-11D3-BF4B-00C04F79EFBC}") = "BankWebApp", "BankWebApp\BankWebApp.csproj", "{7F12196F-B500-445C-9E91-A2C2A5E269CF}"
EndProject
Global
	GlobalSection(SolutionConfigurationPlatforms) = preSolution
		Debug|Any CPU = Debug|Any CPU
		Release|Any CPU = Release|Any CPU
	EndGlobalSection
	GlobalSection(ProjectConfigurationPlatforms) = postSolution
		{7F12196F-B500-445C-9E91-A2C2A5E269CF}.Debug|Any CPU.ActiveCfg = Debug|Any CPU
		{7F12196F-B500-445C-9E91-A2C2A5E269CF}.Debug|Any CPU.Build.0 = Debug|Any CPU
		{7F12196F-B500-445C-9E91-A2C2A5E269CF}.Release|Any CPU.ActiveCfg = Release|Any CPU
		{7F12196F-B500-445C-9E91-A2C2A5E269CF}.Release|Any CPU.Build.0 = Release|Any CPU
	EndGlobalSection
	GlobalSection(SolutionProperties) = preSolution
		HideSolutionNode = FALSE
	EndGlobalSection
	GlobalSection(ExtensibilityGlobals) = postSolution
		SolutionGuid = {DDAAF807-C074-490A-875C-861046EF4C3B}
	EndGlobalSection
EndGlobal
